
Microsoft Visual Studio Solution File, Format Version 12.00
Project("{FAE04EC0-301F-11D3-BF4B-00C04F79EFBC}") = "Blackfinch.Challenge", "Blackfinch.Challenge\Blackfinch.Challenge.csproj", "{87EE7C7B-98B0-40DA-9BA6-D014FEDAEA49}"
EndProject
Project("{FAE04EC0-301F-11D3-BF4B-00C04F79EFBC}") = "Blackfinch.Challenge.Tests.Unit", "Blackfinch.Challenge.Tests.Unit\Blackfinch.Challenge.Tests.Unit.csproj", "{79BC34A4-C67A-46D7-BA10-460CEFA5B084}"
EndProject
Global
	GlobalSection(SolutionConfigurationPlatforms) = preSolution
		Debug|Any CPU = Debug|Any CPU
		Release|Any CPU = Release|Any CPU
	EndGlobalSection
	GlobalSection(ProjectConfigurationPlatforms) = postSolution
		{87EE7C7B-98B0-40DA-9BA6-D014FEDAEA49}.Debug|Any CPU.ActiveCfg = Debug|Any CPU
		{87EE7C7B-98B0-40DA-9BA6-D014FEDAEA49}.Debug|Any CPU.Build.0 = Debug|Any CPU
		{87EE7C7B-98B0-40DA-9BA6-D014FEDAEA49}.Release|Any CPU.ActiveCfg = Release|Any CPU
		{87EE7C7B-98B0-40DA-9BA6-D014FEDAEA49}.Release|Any CPU.Build.0 = Release|Any CPU
		{79BC34A4-C67A-46D7-BA10-460CEFA5B084}.Debug|Any CPU.ActiveCfg = Debug|Any CPU
		{79BC34A4-C67A-46D7-BA10-460CEFA5B084}.Debug|Any CPU.Build.0 = Debug|Any CPU
		{79BC34A4-C67A-46D7-BA10-460CEFA5B084}.Release|Any CPU.ActiveCfg = Release|Any CPU
		{79BC34A4-C67A-46D7-BA10-460CEFA5B084}.Release|Any CPU.Build.0 = Release|Any CPU
	EndGlobalSection
EndGlobal
